
Microsoft Visual Studio Solution File, Format Version 12.00
# Visual Studio 14
VisualStudioVersion = 14.0.25123.0
MinimumVisualStudioVersion = 10.0.40219.1
Project("{FAE04EC0-301F-11D3-BF4B-00C04F79EFBC}") = "ExtenderLibrary", "ExtenderLibrary\ExtenderLibrary.csproj", "{66C5F211-5C47-446D-9333-549FC8BF2485}"
EndProject
Project("{FAE04EC0-301F-11D3-BF4B-00C04F79EFBC}") = "ConsoleTest", "ConsoleTest\ConsoleTest.csproj", "{69C252F9-A8DE-41EA-B029-440D5572D9D1}"
EndProject
Project("{FAE04EC0-301F-11D3-BF4B-00C04F79EFBC}") = "UnitTests", "UnitTests\UnitTests.csproj", "{3808E038-C667-4F0C-8A22-388B33B6BEB7}"
EndProject
Global
	GlobalSection(SolutionConfigurationPlatforms) = preSolution
		Debug|Any CPU = Debug|Any CPU
		Release|Any CPU = Release|Any CPU
	EndGlobalSection
	GlobalSection(ProjectConfigurationPlatforms) = postSolution
		{66C5F211-5C47-446D-9333-549FC8BF2485}.Debug|Any CPU.ActiveCfg = Debug|Any CPU
		{66C5F211-5C47-446D-9333-549FC8BF2485}.Debug|Any CPU.Build.0 = Debug|Any CPU
		{66C5F211-5C47-446D-9333-549FC8BF2485}.Release|Any CPU.ActiveCfg = Release|Any CPU
		{66C5F211-5C47-446D-9333-549FC8BF2485}.Release|Any CPU.Build.0 = Release|Any CPU
		{69C252F9-A8DE-41EA-B029-440D5572D9D1}.Debug|Any CPU.ActiveCfg = Debug|Any CPU
		{69C252F9-A8DE-41EA-B029-440D5572D9D1}.Debug|Any CPU.Build.0 = Debug|Any CPU
		{69C252F9-A8DE-41EA-B029-440D5572D9D1}.Release|Any CPU.ActiveCfg = Release|Any CPU
		{69C252F9-A8DE-41EA-B029-440D5572D9D1}.Release|Any CPU.Build.0 = Release|Any CPU
		{3808E038-C667-4F0C-8A22-388B33B6BEB7}.Debug|Any CPU.ActiveCfg = Debug|Any CPU
		{3808E038-C667-4F0C-8A22-388B33B6BEB7}.Debug|Any CPU.Build.0 = Debug|Any CPU
		{3808E038-C667-4F0C-8A22-388B33B6BEB7}.Release|Any CPU.ActiveCfg = Release|Any CPU
		{3808E038-C667-4F0C-8A22-388B33B6BEB7}.Release|Any CPU.Build.0 = Release|Any CPU
	EndGlobalSection
	GlobalSection(SolutionProperties) = preSolution
		HideSolutionNode = FALSE
	EndGlobalSection
EndGlobal
